
Microsoft Visual Studio Solution File, Format Version 12.00
# Visual Studio 2012
Project("{8BC9CEB8-8B4A-11D0-8D11-00A0C91BC942}") = "DrawPolygon01", "DrawPolygon01\DrawPolygon01.vcxproj", "{94DBF36A-45B6-4937-A9F2-C843414D9DDD}"
EndProject
Global
	GlobalSection(SolutionConfigurationPlatforms) = preSolution
		Debug|Win32 = Debug|Win32
		Release|Win32 = Release|Win32
	EndGlobalSection
	GlobalSection(ProjectConfigurationPlatforms) = postSolution
		{94DBF36A-45B6-4937-A9F2-C843414D9DDD}.Debug|Win32.ActiveCfg = Debug|Win32
		{94DBF36A-45B6-4937-A9F2-C843414D9DDD}.Debug|Win32.Build.0 = Debug|Win32
		{94DBF36A-45B6-4937-A9F2-C843414D9DDD}.Release|Win32.ActiveCfg = Release|Win32
		{94DBF36A-45B6-4937-A9F2-C843414D9DDD}.Release|Win32.Build.0 = Release|Win32
	EndGlobalSection
	GlobalSection(SolutionProperties) = preSolution
		HideSolutionNode = FALSE
	EndGlobalSection
EndGlobal
