
Microsoft Visual Studio Solution File, Format Version 12.00
# Visual Studio 2012
Project("{8BC9CEB8-8B4A-11D0-8D11-00A0C91BC942}") = "Project1", "Project1\Project1.vcxproj", "{CAF77F1E-DF10-4207-B18D-FDFBCFDB2241}"
EndProject
Global
	GlobalSection(SolutionConfigurationPlatforms) = preSolution
		Debug|Win32 = Debug|Win32
		Release|Win32 = Release|Win32
	EndGlobalSection
	GlobalSection(ProjectConfigurationPlatforms) = postSolution
		{CAF77F1E-DF10-4207-B18D-FDFBCFDB2241}.Debug|Win32.ActiveCfg = Debug|Win32
		{CAF77F1E-DF10-4207-B18D-FDFBCFDB2241}.Debug|Win32.Build.0 = Debug|Win32
		{CAF77F1E-DF10-4207-B18D-FDFBCFDB2241}.Release|Win32.ActiveCfg = Release|Win32
		{CAF77F1E-DF10-4207-B18D-FDFBCFDB2241}.Release|Win32.Build.0 = Release|Win32
	EndGlobalSection
	GlobalSection(SolutionProperties) = preSolution
		HideSolutionNode = FALSE
	EndGlobalSection
EndGlobal
